
Microsoft Visual Studio Solution File, Format Version 12.00
# Visual Studio Version 16
VisualStudioVersion = 16.0.30011.22
MinimumVisualStudioVersion = 10.0.40219.1
Project("{FAE04EC0-301F-11D3-BF4B-00C04F79EFBC}") = "intern-ally", "intern-ally.csproj", "{12DEFD5C-E0AA-4FA1-9C62-5377732238AA}"
EndProject
Global
	GlobalSection(SolutionConfigurationPlatforms) = preSolution
		Debug|Any CPU = Debug|Any CPU
		Release|Any CPU = Release|Any CPU
	EndGlobalSection
	GlobalSection(ProjectConfigurationPlatforms) = postSolution
		{12DEFD5C-E0AA-4FA1-9C62-5377732238AA}.Debug|Any CPU.ActiveCfg = Debug|Any CPU
		{12DEFD5C-E0AA-4FA1-9C62-5377732238AA}.Debug|Any CPU.Build.0 = Debug|Any CPU
		{12DEFD5C-E0AA-4FA1-9C62-5377732238AA}.Release|Any CPU.ActiveCfg = Release|Any CPU
		{12DEFD5C-E0AA-4FA1-9C62-5377732238AA}.Release|Any CPU.Build.0 = Release|Any CPU
	EndGlobalSection
	GlobalSection(SolutionProperties) = preSolution
		HideSolutionNode = FALSE
	EndGlobalSection
	GlobalSection(ExtensibilityGlobals) = postSolution
		SolutionGuid = {5DD59D0B-584F-4975-81E2-40376CCC67FB}
	EndGlobalSection
EndGlobal
